{
  "name": "webglStarter",
  "version": "1.0.0",
  "lockfileVersion": 1,
  "requires": true,
  "dependencies": {
    "@types/three": {
      "version": "0.91.11",
      "resolved": "http://registry.npm.taobao.org/@types/three/download/@types/three-0.91.11.tgz",
      "integrity": "sha1-IpVto9SFvMQc/KjGMTTRndrfs2U=",
      "requires": {
        "@types/webvr-api": "0.0.34"
      }
    },
    "@types/webvr-api": {
      "version": "0.0.34",
      "resolved": "http://registry.npm.taobao.org/@types/webvr-api/download/@types/webvr-api-0.0.34.tgz",
      "integrity": "sha1-j6SQKN6SXHuLzj1VnTN0ziyJ7ig="
    }
  }
}
